<Solution>
  <Configurations>
    <Platform Name="x64" />
    <Platform Name="x86" />
  </Configurations>
  <Project Path="Example/Example.vcxproj" Id="f06c4767-cff1-46e5-9263-248bcd473078" />
  <Project Path="Test/Test.vcxproj" Id="71670792-5bf4-45a1-b234-cc2938cde7b4" />
  <Project Path="Triangle/Triangle.vcxproj" Id="d7e848a7-319a-4feb-b55b-390697c7b279" />
</Solution>
